{
	"name": "meta-tabletop",
	"version": "0.1.0",
	"lockfileVersion": 3,
	"requires": true,
	"packages": {
		"": {
			"name": "meta-tabletop",
			"version": "0.1.0",
			"devDependencies": {
				"@sveltejs/adapter-static": "^3.0.8",
				"@sveltejs/kit": "^2.20.2",
				"@sveltejs/vite-plugin-svelte": "^5.0.0",
				"dotenv": "^16.3.1",
				"socket.io-client": "^4.7.2",
				"svelte": "^5.0.0",
				"vite": "^6.2.3",
				"vite-plugin-windicss": "^1.9.3"
			}
		},
		"node_modules/@ampproject/remapping": {
			"version": "2.3.0",
			"dev": true,
			"license": "Apache-2.0",
			"dependencies": {
				"@jridgewell/gen-mapping": "^0.3.5",
				"@jridgewell/trace-mapping": "^0.3.24"
			},
			"engines": {
				"node": ">=6.0.0"
			}
		},
		"node_modules/@antfu/utils": {
			"version": "0.7.10",
			"dev": true,
			"license": "MIT",
			"funding": {
				"url": "https://github.com/sponsors/antfu"
			}
		},
		"node_modules/@esbuild/win32-x64": {
			"version": "0.25.1",
			"cpu": [
				"x64"
			],
			"dev": true,
			"license": "MIT",
			"optional": true,
			"os": [
				"win32"
			],
			"engines": {
				"node": ">=18"
			}
		},
		"node_modules/@jridgewell/gen-mapping": {
			"version": "0.3.8",
			"dev": true,
			"license": "MIT",
			"dependencies": {
				"@jridgewell/set-array": "^1.2.1",
				"@jridgewell/sourcemap-codec": "^1.4.10",
				"@jridgewell/trace-mapping": "^0.3.24"
			},
			"engines": {
				"node": ">=6.0.0"
			}
		},
		"node_modules/@jridgewell/resolve-uri": {
			"version": "3.1.2",
			"dev": true,
			"license": "MIT",
			"engines": {
				"node": ">=6.0.0"
			}
		},
		"node_modules/@jridgewell/set-array": {
			"version": "1.2.1",
			"dev": true,
			"license": "MIT",
			"engines": {
				"node": ">=6.0.0"
			}
		},
		"node_modules/@jridgewell/source-map": {
			"version": "0.3.6",
			"dev": true,
			"license": "MIT",
			"optional": true,
			"peer": true,
			"dependencies": {
				"@jridgewell/gen-mapping": "^0.3.5",
				"@jridgewell/trace-mapping": "^0.3.25"
			}
		},
		"node_modules/@jridgewell/sourcemap-codec": {
			"version": "1.5.0",
			"dev": true,
			"license": "MIT"
		},
		"node_modules/@jridgewell/trace-mapping": {
			"version": "0.3.25",
			"dev": true,
			"license": "MIT",
			"dependencies": {
				"@jridgewell/resolve-uri": "^3.1.0",
				"@jridgewell/sourcemap-codec": "^1.4.14"
			}
		},
		"node_modules/@nodelib/fs.scandir": {
			"version": "2.1.5",
			"dev": true,
			"license": "MIT",
			"dependencies": {
				"@nodelib/fs.stat": "2.0.5",
				"run-parallel": "^1.1.9"
			},
			"engines": {
				"node": ">= 8"
			}
		},
		"node_modules/@nodelib/fs.stat": {
			"version": "2.0.5",
			"dev": true,
			"license": "MIT",
			"engines": {
				"node": ">= 8"
			}
		},
		"node_modules/@nodelib/fs.walk": {
			"version": "1.2.8",
			"dev": true,
			"license": "MIT",
			"dependencies": {
				"@nodelib/fs.scandir": "2.1.5",
				"fastq": "^1.6.0"
			},
			"engines": {
				"node": ">= 8"
			}
		},
		"node_modules/@polka/url": {
			"version": "1.0.0-next.28",
			"resolved": "https://registry.npmjs.org/@polka/url/-/url-1.0.0-next.28.tgz",
			"integrity": "sha512-8LduaNlMZGwdZ6qWrKlfa+2M4gahzFkprZiAt2TF8uS0qQgBizKXpXURqvTJ4WtmupWxaLqjRb2UCTe72mu+Aw==",
			"dev": true,
			"license": "MIT"
		},
		"node_modules/@rollup/rollup-win32-x64-msvc": {
			"version": "4.37.0",
			"cpu": [
				"x64"
			],
			"dev": true,
			"license": "MIT",
			"optional": true,
			"os": [
				"win32"
			]
		},
		"node_modules/@socket.io/component-emitter": {
			"version": "3.1.2",
			"dev": true,
			"license": "MIT"
		},
		"node_modules/@sveltejs/adapter-static": {
			"version": "3.0.8",
			"resolved": "https://registry.npmjs.org/@sveltejs/adapter-static/-/adapter-static-3.0.8.tgz",
			"integrity": "sha512-YaDrquRpZwfcXbnlDsSrBQNCChVOT9MGuSg+dMAyfsAa1SmiAhrA5jUYUiIMC59G92kIbY/AaQOWcBdq+lh+zg==",
			"dev": true,
			"license": "MIT",
			"peerDependencies": {
				"@sveltejs/kit": "^2.0.0"
			}
		},
		"node_modules/@sveltejs/kit": {
			"version": "2.20.2",
			"resolved": "https://registry.npmjs.org/@sveltejs/kit/-/kit-2.20.2.tgz",
			"integrity": "sha512-Dv8TOAZC9vyfcAB9TMsvUEJsRbklRTeNfcYBPaeH6KnABJ99i3CvCB2eNx8fiiliIqe+9GIchBg4RodRH5p1BQ==",
			"dev": true,
			"license": "MIT",
			"dependencies": {
				"@types/cookie": "^0.6.0",
				"cookie": "^0.6.0",
				"devalue": "^5.1.0",
				"esm-env": "^1.2.2",
				"import-meta-resolve": "^4.1.0",
				"kleur": "^4.1.5",
				"magic-string": "^0.30.5",
				"mrmime": "^2.0.0",
				"sade": "^1.8.1",
				"set-cookie-parser": "^2.6.0",
				"sirv": "^3.0.0"
			},
			"bin": {
				"svelte-kit": "svelte-kit.js"
			},
			"engines": {
				"node": ">=18.13"
			},
			"peerDependencies": {
				"@sveltejs/vite-plugin-svelte": "^3.0.0 || ^4.0.0-next.1 || ^5.0.0",
				"svelte": "^4.0.0 || ^5.0.0-next.0",
				"vite": "^5.0.3 || ^6.0.0"
			}
		},
		"node_modules/@sveltejs/vite-plugin-svelte": {
			"version": "5.0.0",
			"resolved": "https://registry.npmjs.org/@sveltejs/vite-plugin-svelte/-/vite-plugin-svelte-5.0.0.tgz",
			"integrity": "sha512-/yc45GfWmQ20uG328Oeg4YH5/ygey8sPXwXU1rTEFE/RvSRiHGPHVxFFvSYlZ0S7/bLmmX6cr2Ys4le7ugQISw==",
			"dev": true,
			"license": "MIT",
			"dependencies": {
				"@sveltejs/vite-plugin-svelte-inspector": "^3.0.0-next.0||^3.0.0",
				"debug": "^4.3.7",
				"deepmerge": "^4.3.1",
				"kleur": "^4.1.5",
				"magic-string": "^0.30.13",
				"vitefu": "^1.0.3"
			},
			"engines": {
				"node": "^18.0.0 || ^20.0.0 || >=22"
			},
			"peerDependencies": {
				"svelte": "^5.0.0",
				"vite": "^6.0.0"
			}
		},
		"node_modules/@sveltejs/vite-plugin-svelte/node_modules/@sveltejs/vite-plugin-svelte": {
			"version": "4.0.4",
			"resolved": "https://registry.npmjs.org/@sveltejs/vite-plugin-svelte/-/vite-plugin-svelte-4.0.4.tgz",
			"integrity": "sha512-0ba1RQ/PHen5FGpdSrW7Y3fAMQjrXantECALeOiOdBdzR5+5vPP6HVZRLmZaQL+W8m++o+haIAKq5qT+MiZ7VA==",
			"dev": true,
			"license": "MIT",
			"peer": true,
			"dependencies": {
				"@sveltejs/vite-plugin-svelte-inspector": "^3.0.0-next.0||^3.0.0",
				"debug": "^4.3.7",
				"deepmerge": "^4.3.1",
				"kleur": "^4.1.5",
				"magic-string": "^0.30.12",
				"vitefu": "^1.0.3"
			},
			"engines": {
				"node": "^18.0.0 || ^20.0.0 || >=22"
			},
			"peerDependencies": {
				"svelte": "^5.0.0-next.96 || ^5.0.0",
				"vite": "^5.0.0"
			}
		},
		"node_modules/@sveltejs/vite-plugin-svelte/node_modules/@sveltejs/vite-plugin-svelte-inspector": {
			"version": "3.0.1",
			"resolved": "https://registry.npmjs.org/@sveltejs/vite-plugin-svelte-inspector/-/vite-plugin-svelte-inspector-3.0.1.tgz",
			"integrity": "sha512-2CKypmj1sM4GE7HjllT7UKmo4Q6L5xFRd7VMGEWhYnZ+wc6AUVU01IBd7yUi6WnFndEwWoMNOd6e8UjoN0nbvQ==",
			"dev": true,
			"license": "MIT",
			"dependencies": {
				"debug": "^4.3.7"
			},
			"engines": {
				"node": "^18.0.0 || ^20.0.0 || >=22"
			},
			"peerDependencies": {
				"@sveltejs/vite-plugin-svelte": "^4.0.0-next.0||^4.0.0",
				"svelte": "^5.0.0-next.96 || ^5.0.0",
				"vite": "^5.0.0"
			}
		},
		"node_modules/@types/cookie": {
			"version": "0.6.0",
			"resolved": "https://registry.npmjs.org/@types/cookie/-/cookie-0.6.0.tgz",
			"integrity": "sha512-4Kh9a6B2bQciAhf7FSuMRRkUWecJgJu9nPnx3yzpsfXX/c50REIqpHY4C82bXP90qrLtXtkDxTZosYO3UpOwlA==",
			"dev": true,
			"license": "MIT"
		},
		"node_modules/@types/estree": {
			"version": "1.0.7",
			"dev": true,
			"license": "MIT"
		},
		"node_modules/@types/node": {
			"version": "22.13.13",
			"dev": true,
			"license": "MIT",
			"optional": true,
			"peer": true,
			"dependencies": {
				"undici-types": "~6.20.0"
			}
		},
		"node_modules/@windicss/config": {
			"version": "1.9.4",
			"dev": true,
			"license": "MIT",
			"dependencies": {
				"debug": "^4.3.7",
				"jiti": "^1.21.6",
				"windicss": "^3.5.6"
			},
			"funding": {
				"url": "https://github.com/sponsors/antfu"
			}
		},
		"node_modules/@windicss/plugin-utils": {
			"version": "1.9.4",
			"dev": true,
			"license": "MIT",
			"dependencies": {
				"@antfu/utils": "^0.7.10",
				"@windicss/config": "1.9.4",
				"debug": "^4.3.7",
				"fast-glob": "^3.3.2",
				"magic-string": "^0.30.14",
				"micromatch": "^4.0.8",
				"windicss": "^3.5.6"
			},
			"funding": {
				"url": "https://github.com/sponsors/antfu"
			}
		},
		"node_modules/acorn": {
			"version": "8.14.1",
			"dev": true,
			"license": "MIT",
			"bin": {
				"acorn": "bin/acorn"
			},
			"engines": {
				"node": ">=0.4.0"
			}
		},
		"node_modules/acorn-typescript": {
			"version": "1.4.13",
			"resolved": "https://registry.npmjs.org/acorn-typescript/-/acorn-typescript-1.4.13.tgz",
			"integrity": "sha512-xsc9Xv0xlVfwp2o7sQ+GCQ1PgbkdcpWdTzrwXxO3xDMTAywVS3oXVOcOHuRjAPkS4P9b+yc/qNF15460v+jp4Q==",
			"dev": true,
			"license": "MIT",
			"peerDependencies": {
				"acorn": ">=8.9.0"
			}
		},
		"node_modules/aria-query": {
			"version": "5.3.2",
			"dev": true,
			"license": "Apache-2.0",
			"engines": {
				"node": ">= 0.4"
			}
		},
		"node_modules/axobject-query": {
			"version": "4.1.0",
			"dev": true,
			"license": "Apache-2.0",
			"engines": {
				"node": ">= 0.4"
			}
		},
		"node_modules/braces": {
			"version": "3.0.3",
			"dev": true,
			"license": "MIT",
			"dependencies": {
				"fill-range": "^7.1.1"
			},
			"engines": {
				"node": ">=8"
			}
		},
		"node_modules/buffer-from": {
			"version": "1.1.2",
			"dev": true,
			"license": "MIT",
			"optional": true,
			"peer": true
		},
		"node_modules/commander": {
			"version": "2.20.3",
			"dev": true,
			"license": "MIT",
			"optional": true,
			"peer": true
		},
		"node_modules/cookie": {
			"version": "0.6.0",
			"resolved": "https://registry.npmjs.org/cookie/-/cookie-0.6.0.tgz",
			"integrity": "sha512-U71cyTamuh1CRNCfpGY6to28lxvNwPG4Guz/EVjgf3Jmzv0vlDp1atT9eS5dDjMYHucpHbWns6Lwf3BKz6svdw==",
			"dev": true,
			"license": "MIT",
			"engines": {
				"node": ">= 0.6"
			}
		},
		"node_modules/debug": {
			"version": "4.4.0",
			"dev": true,
			"license": "MIT",
			"dependencies": {
				"ms": "^2.1.3"
			},
			"engines": {
				"node": ">=6.0"
			},
			"peerDependenciesMeta": {
				"supports-color": {
					"optional": true
				}
			}
		},
		"node_modules/deepmerge": {
			"version": "4.3.1",
			"dev": true,
			"license": "MIT",
			"engines": {
				"node": ">=0.10.0"
			}
		},
		"node_modules/devalue": {
			"version": "5.1.1",
			"resolved": "https://registry.npmjs.org/devalue/-/devalue-5.1.1.tgz",
			"integrity": "sha512-maua5KUiapvEwiEAe+XnlZ3Rh0GD+qI1J/nb9vrJc3muPXvcF/8gXYTWF76+5DAqHyDUtOIImEuo0YKE9mshVw==",
			"dev": true,
			"license": "MIT"
		},
		"node_modules/dotenv": {
			"version": "16.4.7",
			"dev": true,
			"license": "BSD-2-Clause",
			"engines": {
				"node": ">=12"
			},
			"funding": {
				"url": "https://dotenvx.com"
			}
		},
		"node_modules/engine.io-client": {
			"version": "6.6.3",
			"dev": true,
			"license": "MIT",
			"dependencies": {
				"@socket.io/component-emitter": "~3.1.0",
				"debug": "~4.3.1",
				"engine.io-parser": "~5.2.1",
				"ws": "~8.17.1",
				"xmlhttprequest-ssl": "~2.1.1"
			}
		},
		"node_modules/engine.io-client/node_modules/debug": {
			"version": "4.3.7",
			"dev": true,
			"license": "MIT",
			"dependencies": {
				"ms": "^2.1.3"
			},
			"engines": {
				"node": ">=6.0"
			},
			"peerDependenciesMeta": {
				"supports-color": {
					"optional": true
				}
			}
		},
		"node_modules/engine.io-parser": {
			"version": "5.2.3",
			"dev": true,
			"license": "MIT",
			"engines": {
				"node": ">=10.0.0"
			}
		},
		"node_modules/esm-env": {
			"version": "1.2.2",
			"resolved": "https://registry.npmjs.org/esm-env/-/esm-env-1.2.2.tgz",
			"integrity": "sha512-Epxrv+Nr/CaL4ZcFGPJIYLWFom+YeV1DqMLHJoEd9SYRxNbaFruBwfEX/kkHUJf55j2+TUbmDcmuilbP1TmXHA==",
			"dev": true,
			"license": "MIT"
		},
		"node_modules/esrap": {
			"version": "1.4.5",
			"resolved": "https://registry.npmjs.org/esrap/-/esrap-1.4.5.tgz",
			"integrity": "sha512-CjNMjkBWWZeHn+VX+gS8YvFwJ5+NDhg8aWZBSFJPR8qQduDNjbJodA2WcwCm7uQa5Rjqj+nZvVmceg1RbHFB9g==",
			"dev": true,
			"license": "MIT",
			"dependencies": {
				"@jridgewell/sourcemap-codec": "^1.4.15"
			}
		},
		"node_modules/fast-glob": {
			"version": "3.3.3",
			"dev": true,
			"license": "MIT",
			"dependencies": {
				"@nodelib/fs.stat": "^2.0.2",
				"@nodelib/fs.walk": "^1.2.3",
				"glob-parent": "^5.1.2",
				"merge2": "^1.3.0",
				"micromatch": "^4.0.8"
			},
			"engines": {
				"node": ">=8.6.0"
			}
		},
		"node_modules/fastq": {
			"version": "1.19.1",
			"dev": true,
			"license": "ISC",
			"dependencies": {
				"reusify": "^1.0.4"
			}
		},
		"node_modules/fill-range": {
			"version": "7.1.1",
			"dev": true,
			"license": "MIT",
			"dependencies": {
				"to-regex-range": "^5.0.1"
			},
			"engines": {
				"node": ">=8"
			}
		},
		"node_modules/glob-parent": {
			"version": "5.1.2",
			"dev": true,
			"license": "ISC",
			"dependencies": {
				"is-glob": "^4.0.1"
			},
			"engines": {
				"node": ">= 6"
			}
		},
		"node_modules/import-meta-resolve": {
			"version": "4.1.0",
			"resolved": "https://registry.npmjs.org/import-meta-resolve/-/import-meta-resolve-4.1.0.tgz",
			"integrity": "sha512-I6fiaX09Xivtk+THaMfAwnA3MVA5Big1WHF1Dfx9hFuvNIWpXnorlkzhcQf6ehrqQiiZECRt1poOAkPmer3ruw==",
			"dev": true,
			"license": "MIT",
			"funding": {
				"type": "github",
				"url": "https://github.com/sponsors/wooorm"
			}
		},
		"node_modules/is-extglob": {
			"version": "2.1.1",
			"dev": true,
			"license": "MIT",
			"engines": {
				"node": ">=0.10.0"
			}
		},
		"node_modules/is-glob": {
			"version": "4.0.3",
			"dev": true,
			"license": "MIT",
			"dependencies": {
				"is-extglob": "^2.1.1"
			},
			"engines": {
				"node": ">=0.10.0"
			}
		},
		"node_modules/is-number": {
			"version": "7.0.0",
			"dev": true,
			"license": "MIT",
			"engines": {
				"node": ">=0.12.0"
			}
		},
		"node_modules/is-reference": {
			"version": "3.0.3",
			"resolved": "https://registry.npmjs.org/is-reference/-/is-reference-3.0.3.tgz",
			"integrity": "sha512-ixkJoqQvAP88E6wLydLGGqCJsrFUnqoH6HnaczB8XmDH1oaWU+xxdptvikTgaEhtZ53Ky6YXiBuUI2WXLMCwjw==",
			"dev": true,
			"license": "MIT",
			"dependencies": {
				"@types/estree": "^1.0.6"
			}
		},
		"node_modules/jiti": {
			"version": "1.21.7",
			"dev": true,
			"license": "MIT",
			"bin": {
				"jiti": "bin/jiti.js"
			}
		},
		"node_modules/kleur": {
			"version": "4.1.5",
			"dev": true,
			"license": "MIT",
			"engines": {
				"node": ">=6"
			}
		},
		"node_modules/kolorist": {
			"version": "1.8.0",
			"dev": true,
			"license": "MIT"
		},
		"node_modules/locate-character": {
			"version": "3.0.0",
			"dev": true,
			"license": "MIT"
		},
		"node_modules/magic-string": {
			"version": "0.30.17",
			"dev": true,
			"license": "MIT",
			"dependencies": {
				"@jridgewell/sourcemap-codec": "^1.5.0"
			}
		},
		"node_modules/merge2": {
			"version": "1.4.1",
			"dev": true,
			"license": "MIT",
			"engines": {
				"node": ">= 8"
			}
		},
		"node_modules/micromatch": {
			"version": "4.0.8",
			"dev": true,
			"license": "MIT",
			"dependencies": {
				"braces": "^3.0.3",
				"picomatch": "^2.3.1"
			},
			"engines": {
				"node": ">=8.6"
			}
		},
		"node_modules/mri": {
			"version": "1.2.0",
			"dev": true,
			"license": "MIT",
			"engines": {
				"node": ">=4"
			}
		},
		"node_modules/mrmime": {
			"version": "2.0.1",
			"resolved": "https://registry.npmjs.org/mrmime/-/mrmime-2.0.1.tgz",
			"integrity": "sha512-Y3wQdFg2Va6etvQ5I82yUhGdsKrcYox6p7FfL1LbK2J4V01F9TGlepTIhnK24t7koZibmg82KGglhA1XK5IsLQ==",
			"dev": true,
			"license": "MIT",
			"engines": {
				"node": ">=10"
			}
		},
		"node_modules/ms": {
			"version": "2.1.3",
			"dev": true,
			"license": "MIT"
		},
		"node_modules/nanoid": {
			"version": "3.3.11",
			"dev": true,
			"funding": [
				{
					"type": "github",
					"url": "https://github.com/sponsors/ai"
				}
			],
			"license": "MIT",
			"bin": {
				"nanoid": "bin/nanoid.cjs"
			},
			"engines": {
				"node": "^10 || ^12 || ^13.7 || ^14 || >=15.0.1"
			}
		},
		"node_modules/picocolors": {
			"version": "1.1.1",
			"dev": true,
			"license": "ISC"
		},
		"node_modules/picomatch": {
			"version": "2.3.1",
			"dev": true,
			"license": "MIT",
			"engines": {
				"node": ">=8.6"
			},
			"funding": {
				"url": "https://github.com/sponsors/jonschlinkert"
			}
		},
		"node_modules/postcss": {
			"version": "8.5.3",
			"dev": true,
			"funding": [
				{
					"type": "opencollective",
					"url": "https://opencollective.com/postcss/"
				},
				{
					"type": "tidelift",
					"url": "https://tidelift.com/funding/github/npm/postcss"
				},
				{
					"type": "github",
					"url": "https://github.com/sponsors/ai"
				}
			],
			"license": "MIT",
			"dependencies": {
				"nanoid": "^3.3.8",
				"picocolors": "^1.1.1",
				"source-map-js": "^1.2.1"
			},
			"engines": {
				"node": "^10 || ^12 || >=14"
			}
		},
		"node_modules/queue-microtask": {
			"version": "1.2.3",
			"dev": true,
			"funding": [
				{
					"type": "github",
					"url": "https://github.com/sponsors/feross"
				},
				{
					"type": "patreon",
					"url": "https://www.patreon.com/feross"
				},
				{
					"type": "consulting",
					"url": "https://feross.org/support"
				}
			],
			"license": "MIT"
		},
		"node_modules/reusify": {
			"version": "1.1.0",
			"dev": true,
			"license": "MIT",
			"engines": {
				"iojs": ">=1.0.0",
				"node": ">=0.10.0"
			}
		},
		"node_modules/run-parallel": {
			"version": "1.2.0",
			"dev": true,
			"funding": [
				{
					"type": "github",
					"url": "https://github.com/sponsors/feross"
				},
				{
					"type": "patreon",
					"url": "https://www.patreon.com/feross"
				},
				{
					"type": "consulting",
					"url": "https://feross.org/support"
				}
			],
			"license": "MIT",
			"dependencies": {
				"queue-microtask": "^1.2.2"
			}
		},
		"node_modules/sade": {
			"version": "1.8.1",
			"dev": true,
			"license": "MIT",
			"dependencies": {
				"mri": "^1.1.0"
			},
			"engines": {
				"node": ">=6"
			}
		},
		"node_modules/set-cookie-parser": {
			"version": "2.7.1",
			"resolved": "https://registry.npmjs.org/set-cookie-parser/-/set-cookie-parser-2.7.1.tgz",
			"integrity": "sha512-IOc8uWeOZgnb3ptbCURJWNjWUPcO3ZnTTdzsurqERrP6nPyv+paC55vJM0LpOlT2ne+Ix+9+CRG1MNLlyZ4GjQ==",
			"dev": true,
			"license": "MIT"
		},
		"node_modules/sirv": {
			"version": "3.0.1",
			"resolved": "https://registry.npmjs.org/sirv/-/sirv-3.0.1.tgz",
			"integrity": "sha512-FoqMu0NCGBLCcAkS1qA+XJIQTR6/JHfQXl+uGteNCQ76T91DMUjPa9xfmeqMY3z80nLSg9yQmNjK0Px6RWsH/A==",
			"dev": true,
			"license": "MIT",
			"dependencies": {
				"@polka/url": "^1.0.0-next.24",
				"mrmime": "^2.0.0",
				"totalist": "^3.0.0"
			},
			"engines": {
				"node": ">=18"
			}
		},
		"node_modules/socket.io-client": {
			"version": "4.8.1",
			"dev": true,
			"license": "MIT",
			"dependencies": {
				"@socket.io/component-emitter": "~3.1.0",
				"debug": "~4.3.2",
				"engine.io-client": "~6.6.1",
				"socket.io-parser": "~4.2.4"
			},
			"engines": {
				"node": ">=10.0.0"
			}
		},
		"node_modules/socket.io-client/node_modules/debug": {
			"version": "4.3.7",
			"dev": true,
			"license": "MIT",
			"dependencies": {
				"ms": "^2.1.3"
			},
			"engines": {
				"node": ">=6.0"
			},
			"peerDependenciesMeta": {
				"supports-color": {
					"optional": true
				}
			}
		},
		"node_modules/socket.io-parser": {
			"version": "4.2.4",
			"dev": true,
			"license": "MIT",
			"dependencies": {
				"@socket.io/component-emitter": "~3.1.0",
				"debug": "~4.3.1"
			},
			"engines": {
				"node": ">=10.0.0"
			}
		},
		"node_modules/socket.io-parser/node_modules/debug": {
			"version": "4.3.7",
			"dev": true,
			"license": "MIT",
			"dependencies": {
				"ms": "^2.1.3"
			},
			"engines": {
				"node": ">=6.0"
			},
			"peerDependenciesMeta": {
				"supports-color": {
					"optional": true
				}
			}
		},
		"node_modules/source-map-js": {
			"version": "1.2.1",
			"dev": true,
			"license": "BSD-3-Clause",
			"engines": {
				"node": ">=0.10.0"
			}
		},
		"node_modules/source-map-support": {
			"version": "0.5.21",
			"dev": true,
			"license": "MIT",
			"optional": true,
			"peer": true,
			"dependencies": {
				"buffer-from": "^1.0.0",
				"source-map": "^0.6.0"
			}
		},
		"node_modules/source-map-support/node_modules/source-map": {
			"version": "0.6.1",
			"dev": true,
			"license": "BSD-3-Clause",
			"optional": true,
			"peer": true,
			"engines": {
				"node": ">=0.10.0"
			}
		},
		"node_modules/svelte": {
			"version": "5.0.0",
			"resolved": "https://registry.npmjs.org/svelte/-/svelte-5.0.0.tgz",
			"integrity": "sha512-jv2IvTtakG58DqZMo6fY3T6HFmGV4iDQH2lSUyfmCEYaoa+aCNcF+9rERbdDvT4XDF0nQBg6TEoJn0dirED8VQ==",
			"dev": true,
			"license": "MIT",
			"dependencies": {
				"@ampproject/remapping": "^2.3.0",
				"@jridgewell/sourcemap-codec": "^1.5.0",
				"@types/estree": "^1.0.5",
				"acorn": "^8.12.1",
				"acorn-typescript": "^1.4.13",
				"aria-query": "^5.3.1",
				"axobject-query": "^4.1.0",
				"esm-env": "^1.0.0",
				"esrap": "^1.2.2",
				"is-reference": "^3.0.2",
				"locate-character": "^3.0.0",
				"magic-string": "^0.30.11",
				"zimmerframe": "^1.1.2"
			},
			"engines": {
				"node": ">=18"
			}
		},
		"node_modules/terser": {
			"version": "5.39.0",
			"dev": true,
			"license": "BSD-2-Clause",
			"optional": true,
			"peer": true,
			"dependencies": {
				"@jridgewell/source-map": "^0.3.3",
				"acorn": "^8.8.2",
				"commander": "^2.20.0",
				"source-map-support": "~0.5.20"
			},
			"bin": {
				"terser": "bin/terser"
			},
			"engines": {
				"node": ">=10"
			}
		},
		"node_modules/to-regex-range": {
			"version": "5.0.1",
			"dev": true,
			"license": "MIT",
			"dependencies": {
				"is-number": "^7.0.0"
			},
			"engines": {
				"node": ">=8.0"
			}
		},
		"node_modules/totalist": {
			"version": "3.0.1",
			"resolved": "https://registry.npmjs.org/totalist/-/totalist-3.0.1.tgz",
			"integrity": "sha512-sf4i37nQ2LBx4m3wB74y+ubopq6W/dIzXg0FDGjsYnZHVa1Da8FH853wlL2gtUhg+xJXjfk3kUZS3BRoQeoQBQ==",
			"dev": true,
			"license": "MIT",
			"engines": {
				"node": ">=6"
			}
		},
		"node_modules/undici-types": {
			"version": "6.20.0",
			"dev": true,
			"license": "MIT",
			"optional": true,
			"peer": true
		},
		"node_modules/vite": {
			"version": "6.2.3",
			"dev": true,
			"license": "MIT",
			"dependencies": {
				"esbuild": "^0.25.0",
				"postcss": "^8.5.3",
				"rollup": "^4.30.1"
			},
			"bin": {
				"vite": "bin/vite.js"
			},
			"engines": {
				"node": "^18.0.0 || ^20.0.0 || >=22.0.0"
			},
			"funding": {
				"url": "https://github.com/vitejs/vite?sponsor=1"
			},
			"optionalDependencies": {
				"fsevents": "~2.3.3"
			},
			"peerDependencies": {
				"@types/node": "^18.0.0 || ^20.0.0 || >=22.0.0",
				"jiti": ">=1.21.0",
				"less": "*",
				"lightningcss": "^1.21.0",
				"sass": "*",
				"sass-embedded": "*",
				"stylus": "*",
				"sugarss": "*",
				"terser": "^5.16.0",
				"tsx": "^4.8.1",
				"yaml": "^2.4.2"
			},
			"peerDependenciesMeta": {
				"@types/node": {
					"optional": true
				},
				"jiti": {
					"optional": true
				},
				"less": {
					"optional": true
				},
				"lightningcss": {
					"optional": true
				},
				"sass": {
					"optional": true
				},
				"sass-embedded": {
					"optional": true
				},
				"stylus": {
					"optional": true
				},
				"sugarss": {
					"optional": true
				},
				"terser": {
					"optional": true
				},
				"tsx": {
					"optional": true
				},
				"yaml": {
					"optional": true
				}
			}
		},
		"node_modules/vite-plugin-windicss": {
			"version": "1.9.4",
			"dev": true,
			"license": "MIT",
			"dependencies": {
				"@windicss/plugin-utils": "1.9.4",
				"debug": "^4.3.7",
				"kolorist": "^1.8.0",
				"windicss": "^3.5.6"
			},
			"funding": {
				"url": "https://github.com/sponsors/antfu"
			},
			"peerDependencies": {
				"vite": "*"
			}
		},
		"node_modules/vite/node_modules/@types/estree": {
			"version": "1.0.6",
			"dev": true,
			"license": "MIT"
		},
		"node_modules/vite/node_modules/esbuild": {
			"version": "0.25.1",
			"dev": true,
			"hasInstallScript": true,
			"license": "MIT",
			"bin": {
				"esbuild": "bin/esbuild"
			},
			"engines": {
				"node": ">=18"
			},
			"optionalDependencies": {
				"@esbuild/aix-ppc64": "0.25.1",
				"@esbuild/android-arm": "0.25.1",
				"@esbuild/android-arm64": "0.25.1",
				"@esbuild/android-x64": "0.25.1",
				"@esbuild/darwin-arm64": "0.25.1",
				"@esbuild/darwin-x64": "0.25.1",
				"@esbuild/freebsd-arm64": "0.25.1",
				"@esbuild/freebsd-x64": "0.25.1",
				"@esbuild/linux-arm": "0.25.1",
				"@esbuild/linux-arm64": "0.25.1",
				"@esbuild/linux-ia32": "0.25.1",
				"@esbuild/linux-loong64": "0.25.1",
				"@esbuild/linux-mips64el": "0.25.1",
				"@esbuild/linux-ppc64": "0.25.1",
				"@esbuild/linux-riscv64": "0.25.1",
				"@esbuild/linux-s390x": "0.25.1",
				"@esbuild/linux-x64": "0.25.1",
				"@esbuild/netbsd-arm64": "0.25.1",
				"@esbuild/netbsd-x64": "0.25.1",
				"@esbuild/openbsd-arm64": "0.25.1",
				"@esbuild/openbsd-x64": "0.25.1",
				"@esbuild/sunos-x64": "0.25.1",
				"@esbuild/win32-arm64": "0.25.1",
				"@esbuild/win32-ia32": "0.25.1",
				"@esbuild/win32-x64": "0.25.1"
			}
		},
		"node_modules/vite/node_modules/rollup": {
			"version": "4.37.0",
			"dev": true,
			"license": "MIT",
			"dependencies": {
				"@types/estree": "1.0.6"
			},
			"bin": {
				"rollup": "dist/bin/rollup"
			},
			"engines": {
				"node": ">=18.0.0",
				"npm": ">=8.0.0"
			},
			"optionalDependencies": {
				"@rollup/rollup-android-arm-eabi": "4.37.0",
				"@rollup/rollup-android-arm64": "4.37.0",
				"@rollup/rollup-darwin-arm64": "4.37.0",
				"@rollup/rollup-darwin-x64": "4.37.0",
				"@rollup/rollup-freebsd-arm64": "4.37.0",
				"@rollup/rollup-freebsd-x64": "4.37.0",
				"@rollup/rollup-linux-arm-gnueabihf": "4.37.0",
				"@rollup/rollup-linux-arm-musleabihf": "4.37.0",
				"@rollup/rollup-linux-arm64-gnu": "4.37.0",
				"@rollup/rollup-linux-arm64-musl": "4.37.0",
				"@rollup/rollup-linux-loongarch64-gnu": "4.37.0",
				"@rollup/rollup-linux-powerpc64le-gnu": "4.37.0",
				"@rollup/rollup-linux-riscv64-gnu": "4.37.0",
				"@rollup/rollup-linux-riscv64-musl": "4.37.0",
				"@rollup/rollup-linux-s390x-gnu": "4.37.0",
				"@rollup/rollup-linux-x64-gnu": "4.37.0",
				"@rollup/rollup-linux-x64-musl": "4.37.0",
				"@rollup/rollup-win32-arm64-msvc": "4.37.0",
				"@rollup/rollup-win32-ia32-msvc": "4.37.0",
				"@rollup/rollup-win32-x64-msvc": "4.37.0",
				"fsevents": "~2.3.2"
			}
		},
		"node_modules/vitefu": {
			"version": "1.0.6",
			"dev": true,
			"license": "MIT",
			"workspaces": [
				"tests/deps/*",
				"tests/projects/*"
			],
			"peerDependencies": {
				"vite": "^3.0.0 || ^4.0.0 || ^5.0.0 || ^6.0.0"
			},
			"peerDependenciesMeta": {
				"vite": {
					"optional": true
				}
			}
		},
		"node_modules/windicss": {
			"version": "3.5.6",
			"dev": true,
			"license": "MIT",
			"bin": {
				"windicss": "cli/index.js"
			},
			"engines": {
				"node": ">= 12"
			}
		},
		"node_modules/ws": {
			"version": "8.17.1",
			"dev": true,
			"license": "MIT",
			"engines": {
				"node": ">=10.0.0"
			},
			"peerDependencies": {
				"bufferutil": "^4.0.1",
				"utf-8-validate": ">=5.0.2"
			},
			"peerDependenciesMeta": {
				"bufferutil": {
					"optional": true
				},
				"utf-8-validate": {
					"optional": true
				}
			}
		},
		"node_modules/xmlhttprequest-ssl": {
			"version": "2.1.2",
			"dev": true,
			"engines": {
				"node": ">=0.4.0"
			}
		},
		"node_modules/zimmerframe": {
			"version": "1.1.2",
			"resolved": "https://registry.npmjs.org/zimmerframe/-/zimmerframe-1.1.2.tgz",
			"integrity": "sha512-rAbqEGa8ovJy4pyBxZM70hg4pE6gDgaQ0Sl9M3enG3I0d6H4XSAM3GeNGLKnsBpuijUow064sf7ww1nutC5/3w==",
			"dev": true,
			"license": "MIT"
		}
	}
}
